
Microsoft Visual Studio Solution File, Format Version 12.00
# Visual Studio Version 16
VisualStudioVersion = 16.0.30611.23
MinimumVisualStudioVersion = 10.0.40219.1
Project("{FAE04EC0-301F-11D3-BF4B-00C04F79EFBC}") = "BuhaiDarius34", "BuhaiDarius34.csproj", "{1B042B07-709E-4896-9D43-B5543B9D9A68}"
EndProject
Global
	GlobalSection(SolutionConfigurationPlatforms) = preSolution
		Debug|Any CPU = Debug|Any CPU
		Release|Any CPU = Release|Any CPU
	EndGlobalSection
	GlobalSection(ProjectConfigurationPlatforms) = postSolution
		{1B042B07-709E-4896-9D43-B5543B9D9A68}.Debug|Any CPU.ActiveCfg = Debug|Any CPU
		{1B042B07-709E-4896-9D43-B5543B9D9A68}.Debug|Any CPU.Build.0 = Debug|Any CPU
		{1B042B07-709E-4896-9D43-B5543B9D9A68}.Release|Any CPU.ActiveCfg = Release|Any CPU
		{1B042B07-709E-4896-9D43-B5543B9D9A68}.Release|Any CPU.Build.0 = Release|Any CPU
	EndGlobalSection
	GlobalSection(SolutionProperties) = preSolution
		HideSolutionNode = FALSE
	EndGlobalSection
	GlobalSection(ExtensibilityGlobals) = postSolution
		SolutionGuid = {54A7862A-D66F-418B-8C85-B2A2758EADE9}
	EndGlobalSection
EndGlobal
