
Microsoft Visual Studio Solution File, Format Version 12.00
# Visual Studio Version 17
VisualStudioVersion = 17.0.32112.339
MinimumVisualStudioVersion = 10.0.40219.1
Project("{FAE04EC0-301F-11D3-BF4B-00C04F79EFBC}") = "Lab3_CreareBlockchain", "Lab3_CreareBlockchain\Lab3_CreareBlockchain.csproj", "{A27A7E40-9E48-4040-B6E1-AC575D04F048}"
EndProject
Global
	GlobalSection(SolutionConfigurationPlatforms) = preSolution
		Debug|Any CPU = Debug|Any CPU
		Release|Any CPU = Release|Any CPU
	EndGlobalSection
	GlobalSection(ProjectConfigurationPlatforms) = postSolution
		{A27A7E40-9E48-4040-B6E1-AC575D04F048}.Debug|Any CPU.ActiveCfg = Debug|Any CPU
		{A27A7E40-9E48-4040-B6E1-AC575D04F048}.Debug|Any CPU.Build.0 = Debug|Any CPU
		{A27A7E40-9E48-4040-B6E1-AC575D04F048}.Release|Any CPU.ActiveCfg = Release|Any CPU
		{A27A7E40-9E48-4040-B6E1-AC575D04F048}.Release|Any CPU.Build.0 = Release|Any CPU
	EndGlobalSection
	GlobalSection(SolutionProperties) = preSolution
		HideSolutionNode = FALSE
	EndGlobalSection
	GlobalSection(ExtensibilityGlobals) = postSolution
		SolutionGuid = {153651AE-FD6D-416D-B851-DB35800D57AF}
	EndGlobalSection
EndGlobal
