
Microsoft Visual Studio Solution File, Format Version 12.00
# Visual Studio Version 16
VisualStudioVersion = 16.0.30711.63
MinimumVisualStudioVersion = 10.0.40219.1
Project("{FAE04EC0-301F-11D3-BF4B-00C04F79EFBC}") = "ProiectDAW", "ProiectDAW.csproj", "{74698D2B-EF4A-4A34-8089-D2E5C45BAD0B}"
EndProject
Global
	GlobalSection(SolutionConfigurationPlatforms) = preSolution
		Debug|Any CPU = Debug|Any CPU
		Release|Any CPU = Release|Any CPU
	EndGlobalSection
	GlobalSection(ProjectConfigurationPlatforms) = postSolution
		{74698D2B-EF4A-4A34-8089-D2E5C45BAD0B}.Debug|Any CPU.ActiveCfg = Debug|Any CPU
		{74698D2B-EF4A-4A34-8089-D2E5C45BAD0B}.Debug|Any CPU.Build.0 = Debug|Any CPU
		{74698D2B-EF4A-4A34-8089-D2E5C45BAD0B}.Release|Any CPU.ActiveCfg = Release|Any CPU
		{74698D2B-EF4A-4A34-8089-D2E5C45BAD0B}.Release|Any CPU.Build.0 = Release|Any CPU
	EndGlobalSection
	GlobalSection(SolutionProperties) = preSolution
		HideSolutionNode = FALSE
	EndGlobalSection
	GlobalSection(ExtensibilityGlobals) = postSolution
		SolutionGuid = {0CA5B61D-D990-42D0-9A18-B4B1C1ABE032}
	EndGlobalSection
EndGlobal
